# This file is automatically generated - do not edit it directly.
# Use https://weblate.rob006.net/projects/flarum/fof-spamblock/fi/ for translation.
# You can read more about the process at https://github.com/rob006-software/flarum-translations/wiki.

fof-spamblock:
  admin:
    permissions:
      spamblock_users_label: 'Merkitse käyttäjä roskapostittajaksi'
  forum:
    user_controls:
      spammer_button: Roskapostittaja
      spammer_confirmation: "Haluatko varmasti \n• Piilottaa käyttäjän keskustelut ja viestit \n• [flarum/suspend] Jäädyttää käyttäjän"
